// !$*UTF8*$!
{
	archiveVersion = 1;
	classes = {
	};
	objectVersion = 46;
	objects = {

/* Begin PBXGroup section */
		D4C7EBDA1F2597CB0094FF8A = {
			isa = PBXGroup;
			children = (
			);
			sourceTree = "<group>";
		};
/* End PBXGroup section */

/* Begin PBXProject section */
		D4C7EBDB1F2597CB0094FF8A /* Project object */ = {
			isa = PBXProject;
			attributes = {
				LastUpgradeCheck = 0830;
			};
			buildConfigurationList = D4C7EBDE1F2597CB0094FF8A /* Build configuration list for PBXProject "ProtoKit" */;
			compatibilityVersion = "Xcode 3.2";
			developmentRegion = English;
			hasScannedForEncodings = 0;
			knownRegions = (
				en,
			);
			mainGroup = D4C7EBDA1F2597CB0094FF8A;
			projectDirPath = "";
			projectRoot = "";
			targets = (
			);
		};
/* End PBXProject section */

/* Begin XCBuildConfiguration section */
		D4C7EBDF1F2597CB0094FF8A /* Debug */ = {
			isa = XCBuildConfiguration;
			buildSettings = {
			};
			name = Debug;
		};
		D4C7EBE01F2597CB0094FF8A /* Release */ = {
			isa = XCBuildConfiguration;
			buildSettings = {
			};
			name = Release;
		};
/* End XCBuildConfiguration section */

/* Begin XCConfigurationList section */
		D4C7EBDE1F2597CB0094FF8A /* Build configuration list for PBXProject "ProtoKit" */ = {
			isa = XCConfigurationList;
			buildConfigurations = (
				D4C7EBDF1F2597CB0094FF8A /* Debug */,
				D4C7EBE01F2597CB0094FF8A /* Release */,
			);
			defaultConfigurationIsVisible = 0;
			defaultConfigurationName = Release;
		};
/* End XCConfigurationList section */
	};
	rootObject = D4C7EBDB1F2597CB0094FF8A /* Project object */;
}
